{
    "hash": "80af34ec479331046e3040fbcbcfef05",
    "packages": [
        {
            "package": "jmfontaine/aviso",
            "version": "dev-master",
            "source-reference": "ac80fef10eeb8759445f7b103db79d5a092e8bcd",
            "commit-date": "1345098614"
        },
        {
            "package": "symfony/console",
            "version": "2.0.x-dev",
            "source-reference": "3d0d961fa4e721ca282f2aba05f6eb2b9d20ad14",
            "commit-date": "1342761932"
        },
        {
            "package": "symfony/finder",
            "version": "2.0.x-dev",
            "source-reference": "303e6cb6ec335256bd05f5caf8e6703a4f840690",
            "commit-date": "1341837830"
        },
        {
            "package": "symfony/process",
            "version": "2.0.x-dev",
            "source-reference": "v2.0.16",
            "commit-date": "1337530510"
        },
        {
            "package": "symfony/yaml",
            "version": "2.0.x-dev",
            "source-reference": "v2.0.16",
            "commit-date": "1341837830"
        }
    ],
    "packages-dev": null,
    "aliases": [

    ],
    "minimum-stability": "dev",
    "stability-flags": {
        "jmfontaine/aviso": 20
    }
}
